<?xml version="1.0" encoding="utf-8"?>
<Project ToolsVersion="4.0" xmlns="http://schemas.microsoft.com/developer/msbuild/2003">
  <ItemGroup>
    <ClCompile Include="CProgramHooks.cpp" />
    <ClCompile Include="ScriptHook.cpp" />
    <ClCompile Include="MinHook\hde\hde32.c">
      <Filter>MinHook</Filter>
    </ClCompile>
    <ClCompile Include="MinHook\hde\hde64.c">
      <Filter>MinHook</Filter>
    </ClCompile>
    <ClCompile Include="MinHook\buffer.c">
      <Filter>MinHook</Filter>
    </ClCompile>
    <ClCompile Include="MinHook\hook.c">
      <Filter>MinHook</Filter>
    </ClCompile>
    <ClCompile Include="MinHook\trampoline.c">
      <Filter>MinHook</Filter>
    </ClCompile>
  </ItemGroup>
  <ItemGroup>
    <ClInclude Include="Internal.h" />
    <ClInclude Include="ScriptHook.h" />
    <ClInclude Include="MinHook\hde\hde32.h">
      <Filter>MinHook</Filter>
    </ClInclude>
    <ClInclude Include="MinHook\hde\hde64.h">
      <Filter>MinHook</Filter>
    </ClInclude>
    <ClInclude Include="MinHook\hde\pstdint.h">
      <Filter>MinHook</Filter>
    </ClInclude>
    <ClInclude Include="MinHook\hde\table32.h">
      <Filter>MinHook</Filter>
    </ClInclude>
    <ClInclude Include="MinHook\hde\table64.h">
      <Filter>MinHook</Filter>
    </ClInclude>
    <ClInclude Include="MinHook\buffer.h">
      <Filter>MinHook</Filter>
    </ClInclude>
    <ClInclude Include="MinHook\MinHook.h">
      <Filter>MinHook</Filter>
    </ClInclude>
    <ClInclude Include="MinHook\trampoline.h">
      <Filter>MinHook</Filter>
    </ClInclude>
  </ItemGroup>
  <ItemGroup>
    <Filter Include="MinHook">
      <UniqueIdentifier>{afa5a278-2ab7-4947-bef8-ee5312986552}</UniqueIdentifier>
    </Filter>
  </ItemGroup>
</Project>